
Microsoft Visual Studio Solution File, Format Version 12.00
# Visual Studio Version 16
VisualStudioVersion = 16.0.30413.136
MinimumVisualStudioVersion = 10.0.40219.1
Project("{F184B08F-C81C-45F6-A57F-5ABD9991F28F}") = "Studio.Vision.Telko.Backend.Domain", "Studio.Vision.Telko.Backend\Studio.Vision.Telko.Backend.Domain.vbproj", "{06E6F9C2-33E5-40B5-8C9E-595C5C11937D}"
EndProject
Project("{F184B08F-C81C-45F6-A57F-5ABD9991F28F}") = "Studio.Vision.Telko.Backend.Service", "Studio.Vision.Telko.Backend.Service\Studio.Vision.Telko.Backend.Service.vbproj", "{FEE95EA7-0023-4F96-8D2E-B184869BD6A7}"
EndProject
Project("{F184B08F-C81C-45F6-A57F-5ABD9991F28F}") = "Studio.Vision.Telko.Backend.Test", "Studio.Vision.Telko.Backend.Test\Studio.Vision.Telko.Backend.Test.vbproj", "{D29B1800-060F-4610-B651-1D421CF27A28}"
EndProject
Project("{F184B08F-C81C-45F6-A57F-5ABD9991F28F}") = "Studio.Vision.Telko.FrontEnd.Domain", "Studio.Vision.Telko.FrontEnd\Studio.Vision.Telko.FrontEnd.Domain.vbproj", "{172C1065-D89F-4C69-848A-848AD0136E90}"
EndProject
Project("{F184B08F-C81C-45F6-A57F-5ABD9991F28F}") = "Studio.Vision.Telko.FrontEnd.Service", "Studio.Vision.Telko.FrontEnd.Service\Studio.Vision.Telko.FrontEnd.Service.vbproj", "{AB1C0653-45F3-4A06-9CA3-007674DB155E}"
EndProject
Project("{F184B08F-C81C-45F6-A57F-5ABD9991F28F}") = "Studio.Vision.Telko.FrontEnd.Test", "Studio.Vision.Telko.FrontEnd.Test\Studio.Vision.Telko.FrontEnd.Test.vbproj", "{3416FC1C-6CBD-4117-9D48-C34A4E5F8AD8}"
EndProject
Project("{F184B08F-C81C-45F6-A57F-5ABD9991F28F}") = "Studio.Vision.Telko.Shared", "Studio.Vision.Telko.Shared\Studio.Vision.Telko.Shared.vbproj", "{2EF1E389-7958-4E96-89FC-0F7729FAE9FA}"
EndProject
Project("{54435603-DBB4-11D2-8724-00A0C9A8B90C}") = "Instalador.Studio.Vision.Telko.FrontEnd.Service", "Instalador.Studio.Vision.Telko.FrontEnd.Servive\Instalador.Studio.Vision.Telko.FrontEnd.Servive.vdproj", "{E2F7CD38-C302-488A-BA76-2113F63F4AB5}"
EndProject
Project("{54435603-DBB4-11D2-8724-00A0C9A8B90C}") = "Instalador.Studio.Vision.Telko.Backend.Service", "Instalador.Studio.Vision.Telko.Backend.Service\Instalador.Studio.Vision.Telko.Backend.Service.vdproj", "{220B4D5F-AE27-4C16-B0B8-4859AC80BDCB}"
EndProject
Global
	GlobalSection(SolutionConfigurationPlatforms) = preSolution
		CD_ROM|Any CPU = CD_ROM|Any CPU
		CD_ROM|Itanium = CD_ROM|Itanium
		CD_ROM|Mixed Platforms = CD_ROM|Mixed Platforms
		CD_ROM|x64 = CD_ROM|x64
		CD_ROM|x86 = CD_ROM|x86
		Debug|Any CPU = Debug|Any CPU
		Debug|Itanium = Debug|Itanium
		Debug|Mixed Platforms = Debug|Mixed Platforms
		Debug|x64 = Debug|x64
		Debug|x86 = Debug|x86
		Release|Any CPU = Release|Any CPU
		Release|Itanium = Release|Itanium
		Release|Mixed Platforms = Release|Mixed Platforms
		Release|x64 = Release|x64
		Release|x86 = Release|x86
	EndGlobalSection
	GlobalSection(ProjectConfigurationPlatforms) = postSolution
		{06E6F9C2-33E5-40B5-8C9E-595C5C11937D}.CD_ROM|Any CPU.ActiveCfg = Release|Any CPU
		{06E6F9C2-33E5-40B5-8C9E-595C5C11937D}.CD_ROM|Any CPU.Build.0 = Release|Any CPU
		{06E6F9C2-33E5-40B5-8C9E-595C5C11937D}.CD_ROM|Itanium.ActiveCfg = Release|Any CPU
		{06E6F9C2-33E5-40B5-8C9E-595C5C11937D}.CD_ROM|Itanium.Build.0 = Release|Any CPU
		{06E6F9C2-33E5-40B5-8C9E-595C5C11937D}.CD_ROM|Mixed Platforms.ActiveCfg = Release|Any CPU
		{06E6F9C2-33E5-40B5-8C9E-595C5C11937D}.CD_ROM|Mixed Platforms.Build.0 = Release|Any CPU
		{06E6F9C2-33E5-40B5-8C9E-595C5C11937D}.CD_ROM|x64.ActiveCfg = Release|Any CPU
		{06E6F9C2-33E5-40B5-8C9E-595C5C11937D}.CD_ROM|x64.Build.0 = Release|Any CPU
		{06E6F9C2-33E5-40B5-8C9E-595C5C11937D}.CD_ROM|x86.ActiveCfg = Release|Any CPU
		{06E6F9C2-33E5-40B5-8C9E-595C5C11937D}.CD_ROM|x86.Build.0 = Release|Any CPU
		{06E6F9C2-33E5-40B5-8C9E-595C5C11937D}.Debug|Any CPU.ActiveCfg = Debug|Any CPU
		{06E6F9C2-33E5-40B5-8C9E-595C5C11937D}.Debug|Any CPU.Build.0 = Debug|Any CPU
		{06E6F9C2-33E5-40B5-8C9E-595C5C11937D}.Debug|Itanium.ActiveCfg = Debug|Any CPU
		{06E6F9C2-33E5-40B5-8C9E-595C5C11937D}.Debug|Itanium.Build.0 = Debug|Any CPU
		{06E6F9C2-33E5-40B5-8C9E-595C5C11937D}.Debug|Mixed Platforms.ActiveCfg = Debug|Any CPU
		{06E6F9C2-33E5-40B5-8C9E-595C5C11937D}.Debug|Mixed Platforms.Build.0 = Debug|Any CPU
		{06E6F9C2-33E5-40B5-8C9E-595C5C11937D}.Debug|x64.ActiveCfg = Debug|Any CPU
		{06E6F9C2-33E5-40B5-8C9E-595C5C11937D}.Debug|x64.Build.0 = Debug|Any CPU
		{06E6F9C2-33E5-40B5-8C9E-595C5C11937D}.Debug|x86.ActiveCfg = Debug|Any CPU
		{06E6F9C2-33E5-40B5-8C9E-595C5C11937D}.Debug|x86.Build.0 = Debug|Any CPU
		{06E6F9C2-33E5-40B5-8C9E-595C5C11937D}.Release|Any CPU.ActiveCfg = Release|Any CPU
		{06E6F9C2-33E5-40B5-8C9E-595C5C11937D}.Release|Any CPU.Build.0 = Release|Any CPU
		{06E6F9C2-33E5-40B5-8C9E-595C5C11937D}.Release|Itanium.ActiveCfg = Release|Any CPU
		{06E6F9C2-33E5-40B5-8C9E-595C5C11937D}.Release|Itanium.Build.0 = Release|Any CPU
		{06E6F9C2-33E5-40B5-8C9E-595C5C11937D}.Release|Mixed Platforms.ActiveCfg = Release|Any CPU
		{06E6F9C2-33E5-40B5-8C9E-595C5C11937D}.Release|Mixed Platforms.Build.0 = Release|Any CPU
		{06E6F9C2-33E5-40B5-8C9E-595C5C11937D}.Release|x64.ActiveCfg = Release|Any CPU
		{06E6F9C2-33E5-40B5-8C9E-595C5C11937D}.Release|x64.Build.0 = Release|Any CPU
		{06E6F9C2-33E5-40B5-8C9E-595C5C11937D}.Release|x86.ActiveCfg = Release|Any CPU
		{06E6F9C2-33E5-40B5-8C9E-595C5C11937D}.Release|x86.Build.0 = Release|Any CPU
		{FEE95EA7-0023-4F96-8D2E-B184869BD6A7}.CD_ROM|Any CPU.ActiveCfg = Release|Any CPU
		{FEE95EA7-0023-4F96-8D2E-B184869BD6A7}.CD_ROM|Any CPU.Build.0 = Release|Any CPU
		{FEE95EA7-0023-4F96-8D2E-B184869BD6A7}.CD_ROM|Itanium.ActiveCfg = Release|Any CPU
		{FEE95EA7-0023-4F96-8D2E-B184869BD6A7}.CD_ROM|Itanium.Build.0 = Release|Any CPU
		{FEE95EA7-0023-4F96-8D2E-B184869BD6A7}.CD_ROM|Mixed Platforms.ActiveCfg = Release|Any CPU
		{FEE95EA7-0023-4F96-8D2E-B184869BD6A7}.CD_ROM|Mixed Platforms.Build.0 = Release|Any CPU
		{FEE95EA7-0023-4F96-8D2E-B184869BD6A7}.CD_ROM|x64.ActiveCfg = Release|Any CPU
		{FEE95EA7-0023-4F96-8D2E-B184869BD6A7}.CD_ROM|x64.Build.0 = Release|Any CPU
		{FEE95EA7-0023-4F96-8D2E-B184869BD6A7}.CD_ROM|x86.ActiveCfg = Release|Any CPU
		{FEE95EA7-0023-4F96-8D2E-B184869BD6A7}.CD_ROM|x86.Build.0 = Release|Any CPU
		{FEE95EA7-0023-4F96-8D2E-B184869BD6A7}.Debug|Any CPU.ActiveCfg = Debug|Any CPU
		{FEE95EA7-0023-4F96-8D2E-B184869BD6A7}.Debug|Any CPU.Build.0 = Debug|Any CPU
		{FEE95EA7-0023-4F96-8D2E-B184869BD6A7}.Debug|Itanium.ActiveCfg = Debug|Any CPU
		{FEE95EA7-0023-4F96-8D2E-B184869BD6A7}.Debug|Itanium.Build.0 = Debug|Any CPU
		{FEE95EA7-0023-4F96-8D2E-B184869BD6A7}.Debug|Mixed Platforms.ActiveCfg = Debug|Any CPU
		{FEE95EA7-0023-4F96-8D2E-B184869BD6A7}.Debug|Mixed Platforms.Build.0 = Debug|Any CPU
		{FEE95EA7-0023-4F96-8D2E-B184869BD6A7}.Debug|x64.ActiveCfg = Debug|Any CPU
		{FEE95EA7-0023-4F96-8D2E-B184869BD6A7}.Debug|x64.Build.0 = Debug|Any CPU
		{FEE95EA7-0023-4F96-8D2E-B184869BD6A7}.Debug|x86.ActiveCfg = Debug|Any CPU
		{FEE95EA7-0023-4F96-8D2E-B184869BD6A7}.Debug|x86.Build.0 = Debug|Any CPU
		{FEE95EA7-0023-4F96-8D2E-B184869BD6A7}.Release|Any CPU.ActiveCfg = Release|Any CPU
		{FEE95EA7-0023-4F96-8D2E-B184869BD6A7}.Release|Any CPU.Build.0 = Release|Any CPU
		{FEE95EA7-0023-4F96-8D2E-B184869BD6A7}.Release|Itanium.ActiveCfg = Release|Any CPU
		{FEE95EA7-0023-4F96-8D2E-B184869BD6A7}.Release|Itanium.Build.0 = Release|Any CPU
		{FEE95EA7-0023-4F96-8D2E-B184869BD6A7}.Release|Mixed Platforms.ActiveCfg = Release|Any CPU
		{FEE95EA7-0023-4F96-8D2E-B184869BD6A7}.Release|Mixed Platforms.Build.0 = Release|Any CPU
		{FEE95EA7-0023-4F96-8D2E-B184869BD6A7}.Release|x64.ActiveCfg = Release|Any CPU
		{FEE95EA7-0023-4F96-8D2E-B184869BD6A7}.Release|x64.Build.0 = Release|Any CPU
		{FEE95EA7-0023-4F96-8D2E-B184869BD6A7}.Release|x86.ActiveCfg = Release|Any CPU
		{FEE95EA7-0023-4F96-8D2E-B184869BD6A7}.Release|x86.Build.0 = Release|Any CPU
		{D29B1800-060F-4610-B651-1D421CF27A28}.CD_ROM|Any CPU.ActiveCfg = Release|Any CPU
		{D29B1800-060F-4610-B651-1D421CF27A28}.CD_ROM|Any CPU.Build.0 = Release|Any CPU
		{D29B1800-060F-4610-B651-1D421CF27A28}.CD_ROM|Itanium.ActiveCfg = Release|Any CPU
		{D29B1800-060F-4610-B651-1D421CF27A28}.CD_ROM|Itanium.Build.0 = Release|Any CPU
		{D29B1800-060F-4610-B651-1D421CF27A28}.CD_ROM|Mixed Platforms.ActiveCfg = Release|Any CPU
		{D29B1800-060F-4610-B651-1D421CF27A28}.CD_ROM|Mixed Platforms.Build.0 = Release|Any CPU
		{D29B1800-060F-4610-B651-1D421CF27A28}.CD_ROM|x64.ActiveCfg = Release|Any CPU
		{D29B1800-060F-4610-B651-1D421CF27A28}.CD_ROM|x64.Build.0 = Release|Any CPU
		{D29B1800-060F-4610-B651-1D421CF27A28}.CD_ROM|x86.ActiveCfg = Release|Any CPU
		{D29B1800-060F-4610-B651-1D421CF27A28}.CD_ROM|x86.Build.0 = Release|Any CPU
		{D29B1800-060F-4610-B651-1D421CF27A28}.Debug|Any CPU.ActiveCfg = Debug|Any CPU
		{D29B1800-060F-4610-B651-1D421CF27A28}.Debug|Any CPU.Build.0 = Debug|Any CPU
		{D29B1800-060F-4610-B651-1D421CF27A28}.Debug|Itanium.ActiveCfg = Debug|Any CPU
		{D29B1800-060F-4610-B651-1D421CF27A28}.Debug|Itanium.Build.0 = Debug|Any CPU
		{D29B1800-060F-4610-B651-1D421CF27A28}.Debug|Mixed Platforms.ActiveCfg = Debug|Any CPU
		{D29B1800-060F-4610-B651-1D421CF27A28}.Debug|Mixed Platforms.Build.0 = Debug|Any CPU
		{D29B1800-060F-4610-B651-1D421CF27A28}.Debug|x64.ActiveCfg = Debug|Any CPU
		{D29B1800-060F-4610-B651-1D421CF27A28}.Debug|x64.Build.0 = Debug|Any CPU
		{D29B1800-060F-4610-B651-1D421CF27A28}.Debug|x86.ActiveCfg = Debug|Any CPU
		{D29B1800-060F-4610-B651-1D421CF27A28}.Debug|x86.Build.0 = Debug|Any CPU
		{D29B1800-060F-4610-B651-1D421CF27A28}.Release|Any CPU.ActiveCfg = Release|Any CPU
		{D29B1800-060F-4610-B651-1D421CF27A28}.Release|Any CPU.Build.0 = Release|Any CPU
		{D29B1800-060F-4610-B651-1D421CF27A28}.Release|Itanium.ActiveCfg = Release|Any CPU
		{D29B1800-060F-4610-B651-1D421CF27A28}.Release|Itanium.Build.0 = Release|Any CPU
		{D29B1800-060F-4610-B651-1D421CF27A28}.Release|Mixed Platforms.ActiveCfg = Release|Any CPU
		{D29B1800-060F-4610-B651-1D421CF27A28}.Release|Mixed Platforms.Build.0 = Release|Any CPU
		{D29B1800-060F-4610-B651-1D421CF27A28}.Release|x64.ActiveCfg = Release|Any CPU
		{D29B1800-060F-4610-B651-1D421CF27A28}.Release|x64.Build.0 = Release|Any CPU
		{D29B1800-060F-4610-B651-1D421CF27A28}.Release|x86.ActiveCfg = Release|Any CPU
		{D29B1800-060F-4610-B651-1D421CF27A28}.Release|x86.Build.0 = Release|Any CPU
		{172C1065-D89F-4C69-848A-848AD0136E90}.CD_ROM|Any CPU.ActiveCfg = Release|Any CPU
		{172C1065-D89F-4C69-848A-848AD0136E90}.CD_ROM|Any CPU.Build.0 = Release|Any CPU
		{172C1065-D89F-4C69-848A-848AD0136E90}.CD_ROM|Itanium.ActiveCfg = Release|Any CPU
		{172C1065-D89F-4C69-848A-848AD0136E90}.CD_ROM|Itanium.Build.0 = Release|Any CPU
		{172C1065-D89F-4C69-848A-848AD0136E90}.CD_ROM|Mixed Platforms.ActiveCfg = Release|Any CPU
		{172C1065-D89F-4C69-848A-848AD0136E90}.CD_ROM|Mixed Platforms.Build.0 = Release|Any CPU
		{172C1065-D89F-4C69-848A-848AD0136E90}.CD_ROM|x64.ActiveCfg = Release|Any CPU
		{172C1065-D89F-4C69-848A-848AD0136E90}.CD_ROM|x64.Build.0 = Release|Any CPU
		{172C1065-D89F-4C69-848A-848AD0136E90}.CD_ROM|x86.ActiveCfg = Release|Any CPU
		{172C1065-D89F-4C69-848A-848AD0136E90}.CD_ROM|x86.Build.0 = Release|Any CPU
		{172C1065-D89F-4C69-848A-848AD0136E90}.Debug|Any CPU.ActiveCfg = Debug|Any CPU
		{172C1065-D89F-4C69-848A-848AD0136E90}.Debug|Any CPU.Build.0 = Debug|Any CPU
		{172C1065-D89F-4C69-848A-848AD0136E90}.Debug|Itanium.ActiveCfg = Debug|Any CPU
		{172C1065-D89F-4C69-848A-848AD0136E90}.Debug|Itanium.Build.0 = Debug|Any CPU
		{172C1065-D89F-4C69-848A-848AD0136E90}.Debug|Mixed Platforms.ActiveCfg = Debug|Any CPU
		{172C1065-D89F-4C69-848A-848AD0136E90}.Debug|Mixed Platforms.Build.0 = Debug|Any CPU
		{172C1065-D89F-4C69-848A-848AD0136E90}.Debug|x64.ActiveCfg = Debug|Any CPU
		{172C1065-D89F-4C69-848A-848AD0136E90}.Debug|x64.Build.0 = Debug|Any CPU
		{172C1065-D89F-4C69-848A-848AD0136E90}.Debug|x86.ActiveCfg = Debug|Any CPU
		{172C1065-D89F-4C69-848A-848AD0136E90}.Debug|x86.Build.0 = Debug|Any CPU
		{172C1065-D89F-4C69-848A-848AD0136E90}.Release|Any CPU.ActiveCfg = Release|Any CPU
		{172C1065-D89F-4C69-848A-848AD0136E90}.Release|Any CPU.Build.0 = Release|Any CPU
		{172C1065-D89F-4C69-848A-848AD0136E90}.Release|Itanium.ActiveCfg = Release|Any CPU
		{172C1065-D89F-4C69-848A-848AD0136E90}.Release|Itanium.Build.0 = Release|Any CPU
		{172C1065-D89F-4C69-848A-848AD0136E90}.Release|Mixed Platforms.ActiveCfg = Release|Any CPU
		{172C1065-D89F-4C69-848A-848AD0136E90}.Release|Mixed Platforms.Build.0 = Release|Any CPU
		{172C1065-D89F-4C69-848A-848AD0136E90}.Release|x64.ActiveCfg = Release|Any CPU
		{172C1065-D89F-4C69-848A-848AD0136E90}.Release|x64.Build.0 = Release|Any CPU
		{172C1065-D89F-4C69-848A-848AD0136E90}.Release|x86.ActiveCfg = Release|Any CPU
		{172C1065-D89F-4C69-848A-848AD0136E90}.Release|x86.Build.0 = Release|Any CPU
		{AB1C0653-45F3-4A06-9CA3-007674DB155E}.CD_ROM|Any CPU.ActiveCfg = Release|Any CPU
		{AB1C0653-45F3-4A06-9CA3-007674DB155E}.CD_ROM|Any CPU.Build.0 = Release|Any CPU
		{AB1C0653-45F3-4A06-9CA3-007674DB155E}.CD_ROM|Itanium.ActiveCfg = Release|Any CPU
		{AB1C0653-45F3-4A06-9CA3-007674DB155E}.CD_ROM|Itanium.Build.0 = Release|Any CPU
		{AB1C0653-45F3-4A06-9CA3-007674DB155E}.CD_ROM|Mixed Platforms.ActiveCfg = Release|Any CPU
		{AB1C0653-45F3-4A06-9CA3-007674DB155E}.CD_ROM|Mixed Platforms.Build.0 = Release|Any CPU
		{AB1C0653-45F3-4A06-9CA3-007674DB155E}.CD_ROM|x64.ActiveCfg = Release|Any CPU
		{AB1C0653-45F3-4A06-9CA3-007674DB155E}.CD_ROM|x64.Build.0 = Release|Any CPU
		{AB1C0653-45F3-4A06-9CA3-007674DB155E}.CD_ROM|x86.ActiveCfg = Release|Any CPU
		{AB1C0653-45F3-4A06-9CA3-007674DB155E}.CD_ROM|x86.Build.0 = Release|Any CPU
		{AB1C0653-45F3-4A06-9CA3-007674DB155E}.Debug|Any CPU.ActiveCfg = Debug|Any CPU
		{AB1C0653-45F3-4A06-9CA3-007674DB155E}.Debug|Any CPU.Build.0 = Debug|Any CPU
		{AB1C0653-45F3-4A06-9CA3-007674DB155E}.Debug|Itanium.ActiveCfg = Debug|Any CPU
		{AB1C0653-45F3-4A06-9CA3-007674DB155E}.Debug|Itanium.Build.0 = Debug|Any CPU
		{AB1C0653-45F3-4A06-9CA3-007674DB155E}.Debug|Mixed Platforms.ActiveCfg = Debug|Any CPU
		{AB1C0653-45F3-4A06-9CA3-007674DB155E}.Debug|Mixed Platforms.Build.0 = Debug|Any CPU
		{AB1C0653-45F3-4A06-9CA3-007674DB155E}.Debug|x64.ActiveCfg = Debug|Any CPU
		{AB1C0653-45F3-4A06-9CA3-007674DB155E}.Debug|x64.Build.0 = Debug|Any CPU
		{AB1C0653-45F3-4A06-9CA3-007674DB155E}.Debug|x86.ActiveCfg = Debug|Any CPU
		{AB1C0653-45F3-4A06-9CA3-007674DB155E}.Debug|x86.Build.0 = Debug|Any CPU
		{AB1C0653-45F3-4A06-9CA3-007674DB155E}.Release|Any CPU.ActiveCfg = Release|Any CPU
		{AB1C0653-45F3-4A06-9CA3-007674DB155E}.Release|Any CPU.Build.0 = Release|Any CPU
		{AB1C0653-45F3-4A06-9CA3-007674DB155E}.Release|Itanium.ActiveCfg = Release|Any CPU
		{AB1C0653-45F3-4A06-9CA3-007674DB155E}.Release|Itanium.Build.0 = Release|Any CPU
		{AB1C0653-45F3-4A06-9CA3-007674DB155E}.Release|Mixed Platforms.ActiveCfg = Release|Any CPU
		{AB1C0653-45F3-4A06-9CA3-007674DB155E}.Release|Mixed Platforms.Build.0 = Release|Any CPU
		{AB1C0653-45F3-4A06-9CA3-007674DB155E}.Release|x64.ActiveCfg = Release|Any CPU
		{AB1C0653-45F3-4A06-9CA3-007674DB155E}.Release|x64.Build.0 = Release|Any CPU
		{AB1C0653-45F3-4A06-9CA3-007674DB155E}.Release|x86.ActiveCfg = Release|Any CPU
		{AB1C0653-45F3-4A06-9CA3-007674DB155E}.Release|x86.Build.0 = Release|Any CPU
		{3416FC1C-6CBD-4117-9D48-C34A4E5F8AD8}.CD_ROM|Any CPU.ActiveCfg = Release|Any CPU
		{3416FC1C-6CBD-4117-9D48-C34A4E5F8AD8}.CD_ROM|Any CPU.Build.0 = Release|Any CPU
		{3416FC1C-6CBD-4117-9D48-C34A4E5F8AD8}.CD_ROM|Itanium.ActiveCfg = Release|Any CPU
		{3416FC1C-6CBD-4117-9D48-C34A4E5F8AD8}.CD_ROM|Itanium.Build.0 = Release|Any CPU
		{3416FC1C-6CBD-4117-9D48-C34A4E5F8AD8}.CD_ROM|Mixed Platforms.ActiveCfg = Release|Any CPU
		{3416FC1C-6CBD-4117-9D48-C34A4E5F8AD8}.CD_ROM|Mixed Platforms.Build.0 = Release|Any CPU
		{3416FC1C-6CBD-4117-9D48-C34A4E5F8AD8}.CD_ROM|x64.ActiveCfg = Release|Any CPU
		{3416FC1C-6CBD-4117-9D48-C34A4E5F8AD8}.CD_ROM|x64.Build.0 = Release|Any CPU
		{3416FC1C-6CBD-4117-9D48-C34A4E5F8AD8}.CD_ROM|x86.ActiveCfg = Release|Any CPU
		{3416FC1C-6CBD-4117-9D48-C34A4E5F8AD8}.CD_ROM|x86.Build.0 = Release|Any CPU
		{3416FC1C-6CBD-4117-9D48-C34A4E5F8AD8}.Debug|Any CPU.ActiveCfg = Debug|Any CPU
		{3416FC1C-6CBD-4117-9D48-C34A4E5F8AD8}.Debug|Any CPU.Build.0 = Debug|Any CPU
		{3416FC1C-6CBD-4117-9D48-C34A4E5F8AD8}.Debug|Itanium.ActiveCfg = Debug|Any CPU
		{3416FC1C-6CBD-4117-9D48-C34A4E5F8AD8}.Debug|Itanium.Build.0 = Debug|Any CPU
		{3416FC1C-6CBD-4117-9D48-C34A4E5F8AD8}.Debug|Mixed Platforms.ActiveCfg = Debug|Any CPU
		{3416FC1C-6CBD-4117-9D48-C34A4E5F8AD8}.Debug|Mixed Platforms.Build.0 = Debug|Any CPU
		{3416FC1C-6CBD-4117-9D48-C34A4E5F8AD8}.Debug|x64.ActiveCfg = Debug|Any CPU
		{3416FC1C-6CBD-4117-9D48-C34A4E5F8AD8}.Debug|x64.Build.0 = Debug|Any CPU
		{3416FC1C-6CBD-4117-9D48-C34A4E5F8AD8}.Debug|x86.ActiveCfg = Debug|Any CPU
		{3416FC1C-6CBD-4117-9D48-C34A4E5F8AD8}.Debug|x86.Build.0 = Debug|Any CPU
		{3416FC1C-6CBD-4117-9D48-C34A4E5F8AD8}.Release|Any CPU.ActiveCfg = Release|Any CPU
		{3416FC1C-6CBD-4117-9D48-C34A4E5F8AD8}.Release|Any CPU.Build.0 = Release|Any CPU
		{3416FC1C-6CBD-4117-9D48-C34A4E5F8AD8}.Release|Itanium.ActiveCfg = Release|Any CPU
		{3416FC1C-6CBD-4117-9D48-C34A4E5F8AD8}.Release|Itanium.Build.0 = Release|Any CPU
		{3416FC1C-6CBD-4117-9D48-C34A4E5F8AD8}.Release|Mixed Platforms.ActiveCfg = Release|Any CPU
		{3416FC1C-6CBD-4117-9D48-C34A4E5F8AD8}.Release|Mixed Platforms.Build.0 = Release|Any CPU
		{3416FC1C-6CBD-4117-9D48-C34A4E5F8AD8}.Release|x64.ActiveCfg = Release|Any CPU
		{3416FC1C-6CBD-4117-9D48-C34A4E5F8AD8}.Release|x64.Build.0 = Release|Any CPU
		{3416FC1C-6CBD-4117-9D48-C34A4E5F8AD8}.Release|x86.ActiveCfg = Release|Any CPU
		{3416FC1C-6CBD-4117-9D48-C34A4E5F8AD8}.Release|x86.Build.0 = Release|Any CPU
		{2EF1E389-7958-4E96-89FC-0F7729FAE9FA}.CD_ROM|Any CPU.ActiveCfg = Release|Any CPU
		{2EF1E389-7958-4E96-89FC-0F7729FAE9FA}.CD_ROM|Any CPU.Build.0 = Release|Any CPU
		{2EF1E389-7958-4E96-89FC-0F7729FAE9FA}.CD_ROM|Itanium.ActiveCfg = Release|Any CPU
		{2EF1E389-7958-4E96-89FC-0F7729FAE9FA}.CD_ROM|Itanium.Build.0 = Release|Any CPU
		{2EF1E389-7958-4E96-89FC-0F7729FAE9FA}.CD_ROM|Mixed Platforms.ActiveCfg = Release|Any CPU
		{2EF1E389-7958-4E96-89FC-0F7729FAE9FA}.CD_ROM|Mixed Platforms.Build.0 = Release|Any CPU
		{2EF1E389-7958-4E96-89FC-0F7729FAE9FA}.CD_ROM|x64.ActiveCfg = Release|Any CPU
		{2EF1E389-7958-4E96-89FC-0F7729FAE9FA}.CD_ROM|x64.Build.0 = Release|Any CPU
		{2EF1E389-7958-4E96-89FC-0F7729FAE9FA}.CD_ROM|x86.ActiveCfg = Release|Any CPU
		{2EF1E389-7958-4E96-89FC-0F7729FAE9FA}.CD_ROM|x86.Build.0 = Release|Any CPU
		{2EF1E389-7958-4E96-89FC-0F7729FAE9FA}.Debug|Any CPU.ActiveCfg = Debug|Any CPU
		{2EF1E389-7958-4E96-89FC-0F7729FAE9FA}.Debug|Any CPU.Build.0 = Debug|Any CPU
		{2EF1E389-7958-4E96-89FC-0F7729FAE9FA}.Debug|Itanium.ActiveCfg = Debug|Any CPU
		{2EF1E389-7958-4E96-89FC-0F7729FAE9FA}.Debug|Itanium.Build.0 = Debug|Any CPU
		{2EF1E389-7958-4E96-89FC-0F7729FAE9FA}.Debug|Mixed Platforms.ActiveCfg = Debug|Any CPU
		{2EF1E389-7958-4E96-89FC-0F7729FAE9FA}.Debug|Mixed Platforms.Build.0 = Debug|Any CPU
		{2EF1E389-7958-4E96-89FC-0F7729FAE9FA}.Debug|x64.ActiveCfg = Debug|Any CPU
		{2EF1E389-7958-4E96-89FC-0F7729FAE9FA}.Debug|x64.Build.0 = Debug|Any CPU
		{2EF1E389-7958-4E96-89FC-0F7729FAE9FA}.Debug|x86.ActiveCfg = Debug|Any CPU
		{2EF1E389-7958-4E96-89FC-0F7729FAE9FA}.Debug|x86.Build.0 = Debug|Any CPU
		{2EF1E389-7958-4E96-89FC-0F7729FAE9FA}.Release|Any CPU.ActiveCfg = Release|Any CPU
		{2EF1E389-7958-4E96-89FC-0F7729FAE9FA}.Release|Any CPU.Build.0 = Release|Any CPU
		{2EF1E389-7958-4E96-89FC-0F7729FAE9FA}.Release|Itanium.ActiveCfg = Release|Any CPU
		{2EF1E389-7958-4E96-89FC-0F7729FAE9FA}.Release|Itanium.Build.0 = Release|Any CPU
		{2EF1E389-7958-4E96-89FC-0F7729FAE9FA}.Release|Mixed Platforms.ActiveCfg = Release|Any CPU
		{2EF1E389-7958-4E96-89FC-0F7729FAE9FA}.Release|Mixed Platforms.Build.0 = Release|Any CPU
		{2EF1E389-7958-4E96-89FC-0F7729FAE9FA}.Release|x64.ActiveCfg = Release|Any CPU
		{2EF1E389-7958-4E96-89FC-0F7729FAE9FA}.Release|x64.Build.0 = Release|Any CPU
		{2EF1E389-7958-4E96-89FC-0F7729FAE9FA}.Release|x86.ActiveCfg = Release|Any CPU
		{2EF1E389-7958-4E96-89FC-0F7729FAE9FA}.Release|x86.Build.0 = Release|Any CPU
		{E2F7CD38-C302-488A-BA76-2113F63F4AB5}.CD_ROM|Any CPU.ActiveCfg = Release
		{E2F7CD38-C302-488A-BA76-2113F63F4AB5}.CD_ROM|Itanium.ActiveCfg = Release
		{E2F7CD38-C302-488A-BA76-2113F63F4AB5}.CD_ROM|Mixed Platforms.ActiveCfg = Release
		{E2F7CD38-C302-488A-BA76-2113F63F4AB5}.CD_ROM|x64.ActiveCfg = Release
		{E2F7CD38-C302-488A-BA76-2113F63F4AB5}.CD_ROM|x86.ActiveCfg = Release
		{E2F7CD38-C302-488A-BA76-2113F63F4AB5}.Debug|Any CPU.ActiveCfg = Debug
		{E2F7CD38-C302-488A-BA76-2113F63F4AB5}.Debug|Itanium.ActiveCfg = Debug
		{E2F7CD38-C302-488A-BA76-2113F63F4AB5}.Debug|Mixed Platforms.ActiveCfg = Release
		{E2F7CD38-C302-488A-BA76-2113F63F4AB5}.Debug|x64.ActiveCfg = Debug
		{E2F7CD38-C302-488A-BA76-2113F63F4AB5}.Debug|x86.ActiveCfg = Debug
		{E2F7CD38-C302-488A-BA76-2113F63F4AB5}.Release|Any CPU.ActiveCfg = Release
		{E2F7CD38-C302-488A-BA76-2113F63F4AB5}.Release|Itanium.ActiveCfg = Release
		{E2F7CD38-C302-488A-BA76-2113F63F4AB5}.Release|Mixed Platforms.ActiveCfg = Release
		{E2F7CD38-C302-488A-BA76-2113F63F4AB5}.Release|x64.ActiveCfg = Release
		{E2F7CD38-C302-488A-BA76-2113F63F4AB5}.Release|x86.ActiveCfg = Release
		{220B4D5F-AE27-4C16-B0B8-4859AC80BDCB}.CD_ROM|Any CPU.ActiveCfg = Release
		{220B4D5F-AE27-4C16-B0B8-4859AC80BDCB}.CD_ROM|Itanium.ActiveCfg = Release
		{220B4D5F-AE27-4C16-B0B8-4859AC80BDCB}.CD_ROM|Mixed Platforms.ActiveCfg = Release
		{220B4D5F-AE27-4C16-B0B8-4859AC80BDCB}.CD_ROM|x64.ActiveCfg = Release
		{220B4D5F-AE27-4C16-B0B8-4859AC80BDCB}.CD_ROM|x86.ActiveCfg = Release
		{220B4D5F-AE27-4C16-B0B8-4859AC80BDCB}.Debug|Any CPU.ActiveCfg = Debug
		{220B4D5F-AE27-4C16-B0B8-4859AC80BDCB}.Debug|Itanium.ActiveCfg = Debug
		{220B4D5F-AE27-4C16-B0B8-4859AC80BDCB}.Debug|Mixed Platforms.ActiveCfg = Release
		{220B4D5F-AE27-4C16-B0B8-4859AC80BDCB}.Debug|x64.ActiveCfg = Debug
		{220B4D5F-AE27-4C16-B0B8-4859AC80BDCB}.Debug|x86.ActiveCfg = Debug
		{220B4D5F-AE27-4C16-B0B8-4859AC80BDCB}.Release|Any CPU.ActiveCfg = Release
		{220B4D5F-AE27-4C16-B0B8-4859AC80BDCB}.Release|Itanium.ActiveCfg = Release
		{220B4D5F-AE27-4C16-B0B8-4859AC80BDCB}.Release|Mixed Platforms.ActiveCfg = Release
		{220B4D5F-AE27-4C16-B0B8-4859AC80BDCB}.Release|x64.ActiveCfg = Release
		{220B4D5F-AE27-4C16-B0B8-4859AC80BDCB}.Release|x86.ActiveCfg = Release
	EndGlobalSection
	GlobalSection(SolutionProperties) = preSolution
		HideSolutionNode = FALSE
	EndGlobalSection
	GlobalSection(ExtensibilityGlobals) = postSolution
		SolutionGuid = {515DBBE4-5E41-4135-A4A9-2181461522F2}
	EndGlobalSection
EndGlobal
